{
  "name": "prepros-project",
  "version": "1.0.0",
  "lockfileVersion": 1,
  "requires": true,
  "dependencies": {
    "fancybox": {
      "version": "3.0.1",
      "resolved": "https://registry.npmjs.org/fancybox/-/fancybox-3.0.1.tgz",
      "integrity": "sha512-HZ57O6j5Zk4Uvusd5pNUgWi7CCjKx+HFlCzjMPeRJ//0bQWUK+xVpkn3EzXWJate4ZSKNFP9kU2l49MP1g+oow=="
    }
  }
}
